
Microsoft Visual Studio Solution File, Format Version 12.00
# Visual Studio Version 17
VisualStudioVersion = 17.12.35527.113 d17.12
MinimumVisualStudioVersion = 10.0.40219.1
Project("{FAE04EC0-301F-11D3-BF4B-00C04F79EFBC}") = "26_Study_Thread", "26_Study_Thread.csproj", "{9889719D-77CB-4068-9F11-32C1A7D6E76D}"
EndProject
Global
	GlobalSection(SolutionConfigurationPlatforms) = preSolution
		Debug|Any CPU = Debug|Any CPU
		Release|Any CPU = Release|Any CPU
	EndGlobalSection
	GlobalSection(ProjectConfigurationPlatforms) = postSolution
		{9889719D-77CB-4068-9F11-32C1A7D6E76D}.Debug|Any CPU.ActiveCfg = Debug|Any CPU
		{9889719D-77CB-4068-9F11-32C1A7D6E76D}.Debug|Any CPU.Build.0 = Debug|Any CPU
		{9889719D-77CB-4068-9F11-32C1A7D6E76D}.Release|Any CPU.ActiveCfg = Release|Any CPU
		{9889719D-77CB-4068-9F11-32C1A7D6E76D}.Release|Any CPU.Build.0 = Release|Any CPU
	EndGlobalSection
	GlobalSection(SolutionProperties) = preSolution
		HideSolutionNode = FALSE
	EndGlobalSection
EndGlobal
