
Microsoft Visual Studio Solution File, Format Version 12.00
# Visual Studio 15
VisualStudioVersion = 15.0.35706.147
MinimumVisualStudioVersion = 10.0.40219.1
Project("{FAE04EC0-301F-11D3-BF4B-00C04F79EFBC}") = "39_Study_User32_CopyAndPaste", "39_Study_User32_CopyAndPaste\39_Study_User32_CopyAndPaste.csproj", "{E0B29711-1A26-47EE-9681-3C69EDB197C9}"
EndProject
Global
	GlobalSection(SolutionConfigurationPlatforms) = preSolution
		Debug|Any CPU = Debug|Any CPU
		Release|Any CPU = Release|Any CPU
	EndGlobalSection
	GlobalSection(ProjectConfigurationPlatforms) = postSolution
		{E0B29711-1A26-47EE-9681-3C69EDB197C9}.Debug|Any CPU.ActiveCfg = Debug|Any CPU
		{E0B29711-1A26-47EE-9681-3C69EDB197C9}.Debug|Any CPU.Build.0 = Debug|Any CPU
		{E0B29711-1A26-47EE-9681-3C69EDB197C9}.Release|Any CPU.ActiveCfg = Release|Any CPU
		{E0B29711-1A26-47EE-9681-3C69EDB197C9}.Release|Any CPU.Build.0 = Release|Any CPU
	EndGlobalSection
	GlobalSection(SolutionProperties) = preSolution
		HideSolutionNode = FALSE
	EndGlobalSection
	GlobalSection(ExtensibilityGlobals) = postSolution
		SolutionGuid = {EF0CB3BD-5A1F-4782-A965-E2DB68E67168}
	EndGlobalSection
EndGlobal
