
Microsoft Visual Studio Solution File, Format Version 12.00
# Visual Studio Version 17
VisualStudioVersion = 17.12.35527.113 d17.12
MinimumVisualStudioVersion = 10.0.40219.1
Project("{FAE04EC0-301F-11D3-BF4B-00C04F79EFBC}") = "29_User_Control", "29_User_Control.csproj", "{292FB2CF-EE42-4B0E-9DFF-EB2F0F29C575}"
EndProject
Global
	GlobalSection(SolutionConfigurationPlatforms) = preSolution
		Debug|Any CPU = Debug|Any CPU
		Release|Any CPU = Release|Any CPU
	EndGlobalSection
	GlobalSection(ProjectConfigurationPlatforms) = postSolution
		{292FB2CF-EE42-4B0E-9DFF-EB2F0F29C575}.Debug|Any CPU.ActiveCfg = Debug|Any CPU
		{292FB2CF-EE42-4B0E-9DFF-EB2F0F29C575}.Debug|Any CPU.Build.0 = Debug|Any CPU
		{292FB2CF-EE42-4B0E-9DFF-EB2F0F29C575}.Release|Any CPU.ActiveCfg = Release|Any CPU
		{292FB2CF-EE42-4B0E-9DFF-EB2F0F29C575}.Release|Any CPU.Build.0 = Release|Any CPU
	EndGlobalSection
	GlobalSection(SolutionProperties) = preSolution
		HideSolutionNode = FALSE
	EndGlobalSection
EndGlobal
