
Microsoft Visual Studio Solution File, Format Version 12.00
# Visual Studio Version 17
VisualStudioVersion = 17.12.35527.113 d17.12
MinimumVisualStudioVersion = 10.0.40219.1
Project("{FAE04EC0-301F-11D3-BF4B-00C04F79EFBC}") = "Study_Enum", "Study_Enum.csproj", "{BDC23145-67AB-4BED-AC04-0F76F9929B89}"
EndProject
Global
	GlobalSection(SolutionConfigurationPlatforms) = preSolution
		Debug|Any CPU = Debug|Any CPU
		Release|Any CPU = Release|Any CPU
	EndGlobalSection
	GlobalSection(ProjectConfigurationPlatforms) = postSolution
		{BDC23145-67AB-4BED-AC04-0F76F9929B89}.Debug|Any CPU.ActiveCfg = Debug|Any CPU
		{BDC23145-67AB-4BED-AC04-0F76F9929B89}.Debug|Any CPU.Build.0 = Debug|Any CPU
		{BDC23145-67AB-4BED-AC04-0F76F9929B89}.Release|Any CPU.ActiveCfg = Release|Any CPU
		{BDC23145-67AB-4BED-AC04-0F76F9929B89}.Release|Any CPU.Build.0 = Release|Any CPU
	EndGlobalSection
	GlobalSection(SolutionProperties) = preSolution
		HideSolutionNode = FALSE
	EndGlobalSection
EndGlobal
