
Microsoft Visual Studio Solution File, Format Version 12.00
# Visual Studio Version 17
VisualStudioVersion = 17.12.35527.113 d17.12
MinimumVisualStudioVersion = 10.0.40219.1
Project("{FAE04EC0-301F-11D3-BF4B-00C04F79EFBC}") = "9_Study_For_Each", "9_Study_For_Each.csproj", "{E92417BC-8E88-42DE-BC6A-D565C7D40413}"
EndProject
Global
	GlobalSection(SolutionConfigurationPlatforms) = preSolution
		Debug|Any CPU = Debug|Any CPU
		Release|Any CPU = Release|Any CPU
	EndGlobalSection
	GlobalSection(ProjectConfigurationPlatforms) = postSolution
		{E92417BC-8E88-42DE-BC6A-D565C7D40413}.Debug|Any CPU.ActiveCfg = Debug|Any CPU
		{E92417BC-8E88-42DE-BC6A-D565C7D40413}.Debug|Any CPU.Build.0 = Debug|Any CPU
		{E92417BC-8E88-42DE-BC6A-D565C7D40413}.Release|Any CPU.ActiveCfg = Release|Any CPU
		{E92417BC-8E88-42DE-BC6A-D565C7D40413}.Release|Any CPU.Build.0 = Release|Any CPU
	EndGlobalSection
	GlobalSection(SolutionProperties) = preSolution
		HideSolutionNode = FALSE
	EndGlobalSection
EndGlobal
